github.com/simonheimlicher/claris-resources v0.0.0-20240209151206-1fa3fcc830cf h1:MMq3rMKhBeAevwDnsAakmGwWIrMITywBFTyz9pmy9sA=
github.com/simonheimlicher/claris-resources v0.0.0-20240209151206-1fa3fcc830cf/go.mod h1:fTsqjCD6od8sEyDl5akBH5YZhO6uQJzJX3HpPbmcHwY=
github.com/simonheimlicher/claris-resources v0.0.0-20240216152029-04a0aed8158e h1:KfC4xW18VcGuh6JDYu34waDz7yb/Vn9VSyzvm8rFRJg=
github.com/simonheimlicher/claris-resources v0.0.0-20240216152029-04a0aed8158e/go.mod h1:fTsqjCD6od8sEyDl5akBH5YZhO6uQJzJX3HpPbmcHwY=
github.com/simonheimlicher/claris-resources v0.0.0-20240224105320-5fed88f46b3b h1:AqJSdgtFaUVcP0hM6HmeND31bsObY52ieY86Dxg5tC0=
github.com/simonheimlicher/claris-resources v0.0.0-20240224105320-5fed88f46b3b/go.mod h1:fTsqjCD6od8sEyDl5akBH5YZhO6uQJzJX3HpPbmcHwY=
github.com/simonheimlicher/claris-resources v0.0.0-20240224180304-6e96eb1e0463 h1:v6w/WT9VGHz0cxbWUv1/vrwQBKXnLhGGiC10qR8g7oI=
github.com/simonheimlicher/claris-resources v0.0.0-20240224180304-6e96eb1e0463/go.mod h1:fTsqjCD6od8sEyDl5akBH5YZhO6uQJzJX3HpPbmcHwY=
