github.com/simonheimlicher/claris-resources v0.0.0-20240409073150-e62cc3365919 h1:Cd5BJR0LsK4KFV/XNnuozvOx0cVZp4xL7Lat6qyAujs=
github.com/simonheimlicher/claris-resources v0.0.0-20240409073150-e62cc3365919/go.mod h1:fTsqjCD6od8sEyDl5akBH5YZhO6uQJzJX3HpPbmcHwY=
github.com/simonheimlicher/claris-resources v0.0.0-20240411050723-a869acba6b0e h1:i527GOiLdHyp2/0tIkXxv/KAN5FzlVqWca8jjvwtrHI=
github.com/simonheimlicher/claris-resources v0.0.0-20240411050723-a869acba6b0e/go.mod h1:fTsqjCD6od8sEyDl5akBH5YZhO6uQJzJX3HpPbmcHwY=
github.com/simonheimlicher/claris-resources v0.0.0-20240414184130-340c0e8e21a4 h1:TqfwEuwOdl+wrMnFBuMtiZB8nc4dLCl07dK44lWG748=
github.com/simonheimlicher/claris-resources v0.0.0-20240414184130-340c0e8e21a4/go.mod h1:fTsqjCD6od8sEyDl5akBH5YZhO6uQJzJX3HpPbmcHwY=
github.com/simonheimlicher/claris-resources v0.0.0-20240416201622-e7c83cceb44a h1:wYphU+I/dfeK2cQldkAJzHBzlwL4jI92PU3JsfiLC/4=
github.com/simonheimlicher/claris-resources v0.0.0-20240416201622-e7c83cceb44a/go.mod h1:fTsqjCD6od8sEyDl5akBH5YZhO6uQJzJX3HpPbmcHwY=
