github.com/simonheimlicher/claris-resources v0.0.0-20240403083607-51794bb55751 h1:mgtNgZWOzwoAMMGF1x11GoRzmCNF2erzTe/yI8IGKT0=
github.com/simonheimlicher/claris-resources v0.0.0-20240403083607-51794bb55751/go.mod h1:fTsqjCD6od8sEyDl5akBH5YZhO6uQJzJX3HpPbmcHwY=
github.com/simonheimlicher/claris-resources v0.0.0-20240403084708-b1ec9545611e h1:CRHtbAnn7WvdwGS+nAD35U9yHUI/WWiWJLw/LA3CNmQ=
github.com/simonheimlicher/claris-resources v0.0.0-20240403084708-b1ec9545611e/go.mod h1:fTsqjCD6od8sEyDl5akBH5YZhO6uQJzJX3HpPbmcHwY=
